
Microsoft Visual Studio Solution File, Format Version 12.00
# Visual Studio Version 16
VisualStudioVersion = 16.0.31729.503
MinimumVisualStudioVersion = 10.0.40219.1
Project("{FAE04EC0-301F-11D3-BF4B-00C04F79EFBC}") = "enairaUHC", "enairaUHC.csproj", "{84A77BCC-6BF4-4BCB-A0B1-315BF93016F7}"
EndProject
Global
	GlobalSection(SolutionConfigurationPlatforms) = preSolution
		Debug|Any CPU = Debug|Any CPU
		Release|Any CPU = Release|Any CPU
	EndGlobalSection
	GlobalSection(ProjectConfigurationPlatforms) = postSolution
		{84A77BCC-6BF4-4BCB-A0B1-315BF93016F7}.Debug|Any CPU.ActiveCfg = Debug|Any CPU
		{84A77BCC-6BF4-4BCB-A0B1-315BF93016F7}.Debug|Any CPU.Build.0 = Debug|Any CPU
		{84A77BCC-6BF4-4BCB-A0B1-315BF93016F7}.Release|Any CPU.ActiveCfg = Release|Any CPU
		{84A77BCC-6BF4-4BCB-A0B1-315BF93016F7}.Release|Any CPU.Build.0 = Release|Any CPU
	EndGlobalSection
	GlobalSection(SolutionProperties) = preSolution
		HideSolutionNode = FALSE
	EndGlobalSection
	GlobalSection(ExtensibilityGlobals) = postSolution
		SolutionGuid = {C91F65FA-54B2-4C9A-B119-07E481503DE4}
	EndGlobalSection
EndGlobal
